// !$*UTF8*$!
{
    archiveVersion = 1;
    classes = {
    };
    objectVersion = 60;
    objects = {

/* Begin PBXBuildFile section */
        F05571B9BC6FC9B8BC747411 /* vocabularyApp.swift in Sources */ = {isa = PBXBuildFile; fileRef = 68A921478F095B60C4213179 /* vocabularyApp.swift */; };
        9E9CE6CD435AB0560C101835 /* ContentView.swift in Sources */ = {isa = PBXBuildFile; fileRef = 0E07C0EC9CC4C503C25B7FFD /* ContentView.swift */; };
        5C994C75B52C2604FE52A995 /* Assets.xcassets in Resources */ = {isa = PBXBuildFile; fileRef = BC0E37B5DC05E2C348F9D933 /* Assets.xcassets */; };
        81CC6E86E8E6FB9749033D73 /* Preview Assets.xcassets in Resources */ = {isa = PBXBuildFile; fileRef = 964508820F728840A9CF149A /* Preview Assets.xcassets */; };
/* End PBXBuildFile section */

/* Begin PBXFileReference section */
        E2A55073DE826A06E11F29D1 /* vocabulary.app */ = {isa = PBXFileReference; explicitFileType = wrapper.application; includeInIndex = 0; path = "vocabulary.app"; sourceTree = BUILT_PRODUCTS_DIR; };
        68A921478F095B60C4213179 /* vocabularyApp.swift */ = {isa = PBXFileReference; lastKnownFileType = sourcecode.swift; path = "vocabularyApp.swift"; sourceTree = "<group>"; };
        0E07C0EC9CC4C503C25B7FFD /* ContentView.swift */ = {isa = PBXFileReference; lastKnownFileType = sourcecode.swift; path = "ContentView.swift"; sourceTree = "<group>"; };
        BC0E37B5DC05E2C348F9D933 /* Assets.xcassets */ = {isa = PBXFileReference; lastKnownFileType = folder.assetcatalog; path = "Assets.xcassets"; sourceTree = "<group>"; };
        964508820F728840A9CF149A /* Preview Assets.xcassets */ = {isa = PBXFileReference; lastKnownFileType = folder.assetcatalog; path = "Preview Assets.xcassets"; sourceTree = "<group>"; };
/* End PBXFileReference section */

/* Begin PBXFrameworksBuildPhase section */
        3A4F39678BA2F81FB75F2007 /* Frameworks */ = {
            isa = PBXFrameworksBuildPhase;
            buildActionMask = 2147483647;
            files = (
            );
            runOnlyForDeploymentPostprocessing = 0;
        };
/* End PBXFrameworksBuildPhase section */

/* Begin PBXGroup section */
        6FE2313BBBD30708CF270EE3 = {
            isa = PBXGroup;
            children = (
                D6EC5E87123685B327B65C85 /* vocabulary */,
                6DB0DDF33B6D685501EC43D6 /* Products */,
            );
            sourceTree = "<group>";
        };
        6DB0DDF33B6D685501EC43D6 /* Products */ = {
            isa = PBXGroup;
            children = (
                E2A55073DE826A06E11F29D1 /* vocabulary.app */,
            );
            name = Products;
            sourceTree = "<group>";
        };
        D6EC5E87123685B327B65C85 /* vocabulary */ = {
            isa = PBXGroup;
            children = (
                68A921478F095B60C4213179 /* vocabularyApp.swift */,
                0E07C0EC9CC4C503C25B7FFD /* ContentView.swift */,
                BC0E37B5DC05E2C348F9D933 /* Assets.xcassets */,
                641987D077BD8F9B949FD5A5 /* Preview Content */,
            );
            path = "vocabulary";
            sourceTree = "<group>";
        };
        641987D077BD8F9B949FD5A5 /* Preview Content */ = {
            isa = PBXGroup;
            children = (
                964508820F728840A9CF149A /* Preview Assets.xcassets */,
            );
            name = "Preview Content";
            path = "Preview Content";
            sourceTree = "<group>";
        };
/* End PBXGroup section */

/* Begin PBXNativeTarget section */
        D6EC5E87123685B327B65C85T /* vocabulary */ = {
            isa = PBXNativeTarget;
            buildConfigurationList = B3572E22B647D40A1C4F0E42 /* Build configuration list for PBXNativeTarget "vocabulary" */;
            buildPhases = (
                5F4E22C96F74C60F23110B87 /* Sources */,
                3A4F39678BA2F81FB75F2007 /* Frameworks */,
                7223D393200361D0A083C71D /* Resources */,
            );
            buildRules = (
            );
            dependencies = (
            );
            name = "vocabulary";
            productName = "vocabulary";
            productReference = E2A55073DE826A06E11F29D1 /* vocabulary.app */;
            productType = "com.apple.product-type.application";
        };
/* End PBXNativeTarget section */

/* Begin PBXProject section */
        230243926E9F93B85D347D76 /* Project object */ = {
            isa = PBXProject;
            attributes = {
                BuildIndependentTargetsInParallel = 1;
                LastSwiftUpdateCheck = 1540;
                LastUpgradeCheck = 1540;
                TargetAttributes = {
                    D6EC5E87123685B327B65C85T = {
                        CreatedOnToolsVersion = 15.4;
                    };
                };
            };
            buildConfigurationList = 6DB0DDF33B6D685501EC43D62 /* Build configuration list for PBXProject "vocabulary" */;
            compatibilityVersion = "Xcode 14.0";
            developmentRegion = en;
            hasScannedForEncodings = 0;
            knownRegions = (
                en,
                Base,
            );
            mainGroup = 6FE2313BBBD30708CF270EE3;
            productRefGroup = 6DB0DDF33B6D685501EC43D6 /* Products */;
            projectDirPath = "";
            projectRoot = "";
            targets = (
                D6EC5E87123685B327B65C85T /* vocabulary */,
            );
        };
/* End PBXProject section */

/* Begin PBXResourcesBuildPhase section */
        7223D393200361D0A083C71D /* Resources */ = {
            isa = PBXResourcesBuildPhase;
            buildActionMask = 2147483647;
            files = (
                81CC6E86E8E6FB9749033D73 /* Preview Assets.xcassets in Resources */,
                5C994C75B52C2604FE52A995 /* Assets.xcassets in Resources */,
            );
            runOnlyForDeploymentPostprocessing = 0;
        };
/* End PBXResourcesBuildPhase section */

/* Begin PBXSourcesBuildPhase section */
        5F4E22C96F74C60F23110B87 /* Sources */ = {
            isa = PBXSourcesBuildPhase;
            buildActionMask = 2147483647;
            files = (
                9E9CE6CD435AB0560C101835 /* ContentView.swift in Sources */,
                F05571B9BC6FC9B8BC747411 /* vocabularyApp.swift in Sources */,
            );
            runOnlyForDeploymentPostprocessing = 0;
        };
/* End PBXSourcesBuildPhase section */

/* Begin XCBuildConfiguration section */
        DC22E072D7962EE7BF44EE6E /* Debug */ = {
            isa = XCBuildConfiguration;
            buildSettings = {
                ALWAYS_SEARCH_USER_PATHS = NO;
                ASSETCATALOG_COMPILER_GENERATE_SWIFT_ASSET_SYMBOL_EXTENSIONS = YES;
                CLANG_ANALYZER_NONNULL = YES;
                CLANG_ANALYZER_NUMBER_OBJECT_CONVERSION = YES_AGGRESSIVE;
                CLANG_CXX_LANGUAGE_STANDARD = "gnu++20";
                CLANG_ENABLE_MODULES = YES;
                CLANG_ENABLE_OBJC_ARC = YES;
                CLANG_ENABLE_OBJC_WEAK = YES;
                CLANG_WARN_BLOCK_CAPTURE_AUTORELEASING = YES;
                CLANG_WARN_BOOL_CONVERSION = YES;
                CLANG_WARN_COMMA = YES;
                CLANG_WARN_CONSTANT_CONVERSION = YES;
                CLANG_WARN_DEPRECATED_OBJC_IMPLEMENTATIONS = YES;
                CLANG_WARN_DIRECT_OBJC_ISA_USAGE = YES_ERROR;
                CLANG_WARN_DOCUMENTATION_COMMENTS = YES;
                CLANG_WARN_EMPTY_BODY = YES;
                CLANG_WARN_ENUM_CONVERSION = YES;
                CLANG_WARN_INFINITE_LOOPS = YES;
                CLANG_WARN_INT_CONVERSION = YES;
                CLANG_WARN_NON_LITERAL_NULL_CONVERSION = YES;
                CLANG_WARN_OBJC_IMPLICIT_RETAIN_SELF = YES;
                CLANG_WARN_OBJC_LITERAL_CONVERSION = YES;
                CLANG_WARN_OBJC_ROOT_CLASS = YES_ERROR;
                CLANG_WARN_QUOTED_INCLUDE_IN_FRAMEWORK_HEADER = YES;
                CLANG_WARN_RANGE_LOOP_ANALYSIS = YES;
                CLANG_WARN_STRICT_PROTOTYPES = YES;
                CLANG_WARN_SUSPICIOUS_MOVE = YES;
                CLANG_WARN_UNGUARDED_AVAILABILITY = YES_AGGRESSIVE;
                CLANG_WARN_UNREACHABLE_CODE = YES;
                CLANG_WARN__DUPLICATE_METHOD_MATCH = YES;
                COPY_PHASE_STRIP = NO;
                DEBUG_INFORMATION_FORMAT = dwarf;
                ENABLE_STRICT_OBJC_MSGSEND = YES;
                ENABLE_TESTABILITY = YES;
                ENABLE_USER_SCRIPT_SANDBOXING = YES;
                GCC_C_LANGUAGE_STANDARD = gnu17;
                GCC_DYNAMIC_NO_PIC = NO;
                GCC_NO_COMMON_BLOCKS = YES;
                GCC_OPTIMIZATION_LEVEL = 0;
                GCC_PREPROCESSOR_DEFINITIONS = (
                    "DEBUG=1",
                    "$(inherited)",
                );
                GCC_WARN_64_TO_32_BIT_CONVERSION = YES;
                GCC_WARN_ABOUT_RETURN_TYPE = YES_ERROR;
                GCC_WARN_UNDECLARED_SELECTOR = YES;
                GCC_WARN_UNINITIALIZED_AUTOS = YES_AGGRESSIVE;
                GCC_WARN_UNUSED_FUNCTION = YES;
                GCC_WARN_UNUSED_VARIABLE = YES;
                IPHONEOS_DEPLOYMENT_TARGET = 17.0;
                MTL_ENABLE_DEBUG_INFO = INCLUDE_SOURCE;
                MTL_FAST_MATH = YES;
                ONLY_ACTIVE_ARCH = YES;
                SDKROOT = iphoneos;
                SWIFT_ACTIVE_COMPILATION_CONDITIONS = "DEBUG $(inherited)";
                SWIFT_OPTIMIZATION_LEVEL = "-Onone";
            };
            name = Debug;
        };
        8DED3CC86F60DE193788E9F6 /* Release */ = {
            isa = XCBuildConfiguration;
            buildSettings = {
                ALWAYS_SEARCH_USER_PATHS = NO;
                ASSETCATALOG_COMPILER_GENERATE_SWIFT_ASSET_SYMBOL_EXTENSIONS = YES;
                CLANG_ANALYZER_NONNULL = YES;
                CLANG_ANALYZER_NUMBER_OBJECT_CONVERSION = YES_AGGRESSIVE;
                CLANG_CXX_LANGUAGE_STANDARD = "gnu++20";
                CLANG_ENABLE_MODULES = YES;
                CLANG_ENABLE_OBJC_ARC = YES;
                CLANG_ENABLE_OBJC_WEAK = YES;
                CLANG_WARN_BLOCK_CAPTURE_AUTORELEASING = YES;
                CLANG_WARN_BOOL_CONVERSION = YES;
                CLANG_WARN_COMMA = YES;
                CLANG_WARN_CONSTANT_CONVERSION = YES;
                CLANG_WARN_DEPRECATED_OBJC_IMPLEMENTATIONS = YES;
                CLANG_WARN_DIRECT_OBJC_ISA_USAGE = YES_ERROR;
                CLANG_WARN_DOCUMENTATION_COMMENTS = YES;
                CLANG_WARN_EMPTY_BODY = YES;
                CLANG_WARN_ENUM_CONVERSION = YES;
                CLANG_WARN_INFINITE_LOOPS = YES;
                CLANG_WARN_INT_CONVERSION = YES;
                CLANG_WARN_NON_LITERAL_NULL_CONVERSION = YES;
                CLANG_WARN_OBJC_IMPLICIT_RETAIN_SELF = YES;
                CLANG_WARN_OBJC_LITERAL_CONVERSION = YES;
                CLANG_WARN_OBJC_ROOT_CLASS = YES_ERROR;
                CLANG_WARN_QUOTED_INCLUDE_IN_FRAMEWORK_HEADER = YES;
                CLANG_WARN_RANGE_LOOP_ANALYSIS = YES;
                CLANG_WARN_STRICT_PROTOTYPES = YES;
                CLANG_WARN_SUSPICIOUS_MOVE = YES;
                CLANG_WARN_UNGUARDED_AVAILABILITY = YES_AGGRESSIVE;
                CLANG_WARN_UNREACHABLE_CODE = YES;
                CLANG_WARN__DUPLICATE_METHOD_MATCH = YES;
                COPY_PHASE_STRIP = NO;
                DEBUG_INFORMATION_FORMAT = "dwarf-with-dsym";
                ENABLE_NS_ASSERTIONS = NO;
                ENABLE_STRICT_OBJC_MSGSEND = YES;
                ENABLE_USER_SCRIPT_SANDBOXING = YES;
                GCC_C_LANGUAGE_STANDARD = gnu17;
                GCC_NO_COMMON_BLOCKS = YES;
                GCC_WARN_64_TO_32_BIT_CONVERSION = YES;
                GCC_WARN_ABOUT_RETURN_TYPE = YES_ERROR;
                GCC_WARN_UNDECLARED_SELECTOR = YES;
                GCC_WARN_UNINITIALIZED_AUTOS = YES_AGGRESSIVE;
                GCC_WARN_UNUSED_FUNCTION = YES;
                GCC_WARN_UNUSED_VARIABLE = YES;
                IPHONEOS_DEPLOYMENT_TARGET = 17.0;
                MTL_FAST_MATH = YES;
                SDKROOT = iphoneos;
                SWIFT_COMPILATION_MODE = wholemodule;
                VALIDATE_PRODUCT = YES;
            };
            name = Release;
        };
        641987D077BD8F9B949FD5A52 /* Debug */ = {
            isa = XCBuildConfiguration;
            buildSettings = {
                ASSETCATALOG_COMPILER_APPICON_NAME = AppIcon;
                ASSETCATALOG_COMPILER_GLOBAL_ACCENT_COLOR_NAME = AccentColor;
                CODE_SIGN_STYLE = Automatic;
                CURRENT_PROJECT_VERSION = 1;
                DEVELOPMENT_ASSET_PATHS = "\"vocabulary/Preview Content\"";
                ENABLE_PREVIEWS = YES;
                GENERATE_INFOPLIST_FILE = YES;
                INFOPLIST_KEY_UIApplicationSceneManifest_Generation = YES;
                INFOPLIST_KEY_UIApplicationSupportsIndirectInputEvents = YES;
                INFOPLIST_KEY_UILaunchScreen_Generation = YES;
                INFOPLIST_KEY_UISupportedInterfaceOrientations_iPad = "UIInterfaceOrientationLandscapeLeft UIInterfaceOrientationLandscapeRight UIInterfaceOrientationPortrait UIInterfaceOrientationPortraitUpsideDown";
                INFOPLIST_KEY_UISupportedInterfaceOrientations_iPhone = "UIInterfaceOrientationLandscapeLeft UIInterfaceOrientationLandscapeRight UIInterfaceOrientationPortrait";
                LD_RUNPATH_SEARCH_PATHS = (
                    "$(inherited)",
                    "@executable_path/Frameworks",
                );
                MARKETING_VERSION = 1.0;
                PRODUCT_BUNDLE_IDENTIFIER = "com.vocabulary";
                PRODUCT_NAME = "$(TARGET_NAME)";
                SWIFT_EMIT_LOC_STRINGS = YES;
                SWIFT_VERSION = 5.0;
                TARGETED_DEVICE_FAMILY = "1,2";
            };
            name = Debug;
        };
        A676D0AA6B481FC0B2FA1071 /* Release */ = {
            isa = XCBuildConfiguration;
            buildSettings = {
                ASSETCATALOG_COMPILER_APPICON_NAME = AppIcon;
                ASSETCATALOG_COMPILER_GLOBAL_ACCENT_COLOR_NAME = AccentColor;
                CODE_SIGN_STYLE = Automatic;
                CURRENT_PROJECT_VERSION = 1;
                DEVELOPMENT_ASSET_PATHS = "\"vocabulary/Preview Content\"";
                ENABLE_PREVIEWS = YES;
                GENERATE_INFOPLIST_FILE = YES;
                INFOPLIST_KEY_UIApplicationSceneManifest_Generation = YES;
                INFOPLIST_KEY_UIApplicationSupportsIndirectInputEvents = YES;
                INFOPLIST_KEY_UILaunchScreen_Generation = YES;
                INFOPLIST_KEY_UISupportedInterfaceOrientations_iPad = "UIInterfaceOrientationLandscapeLeft UIInterfaceOrientationLandscapeRight UIInterfaceOrientationPortrait UIInterfaceOrientationPortraitUpsideDown";
                INFOPLIST_KEY_UISupportedInterfaceOrientations_iPhone = "UIInterfaceOrientationLandscapeLeft UIInterfaceOrientationLandscapeRight UIInterfaceOrientationPortrait";
                LD_RUNPATH_SEARCH_PATHS = (
                    "$(inherited)",
                    "@executable_path/Frameworks",
                );
                MARKETING_VERSION = 1.0;
                PRODUCT_BUNDLE_IDENTIFIER = "com.vocabulary";
                PRODUCT_NAME = "$(TARGET_NAME)";
                SWIFT_EMIT_LOC_STRINGS = YES;
                SWIFT_VERSION = 5.0;
                TARGETED_DEVICE_FAMILY = "1,2";
            };
            name = Release;
        };
/* End XCBuildConfiguration section */

/* Begin XCConfigurationList section */
        6DB0DDF33B6D685501EC43D62 /* Build configuration list for PBXProject "vocabulary" */ = {
            isa = XCConfigurationList;
            buildConfigurations = (
                DC22E072D7962EE7BF44EE6E /* Debug */,
                8DED3CC86F60DE193788E9F6 /* Release */,
            );
            defaultConfigurationIsVisible = 0;
            defaultConfigurationName = Release;
        };
        B3572E22B647D40A1C4F0E42 /* Build configuration list for PBXNativeTarget "vocabulary" */ = {
            isa = XCConfigurationList;
            buildConfigurations = (
                641987D077BD8F9B949FD5A52 /* Debug */,
                A676D0AA6B481FC0B2FA1071 /* Release */,
            );
            defaultConfigurationIsVisible = 0;
            defaultConfigurationName = Release;
        };
/* End XCConfigurationList section */
    };
    rootObject = 230243926E9F93B85D347D76 /* Project object */;
}
