// !$*UTF8*$!
{
	archiveVersion = 1;
	classes = {
	};
	objectVersion = 70;
	objects = {

/* Begin PBXBuildFile section */
		5C994C75B52C2604FE52A995 /* Assets.xcassets in Resources */ = {isa = PBXBuildFile; fileRef = BC0E37B5DC05E2C348F9D933 /* Assets.xcassets */; };
		81CC6E86E8E6FB9749033D73 /* Preview Assets.xcassets in Resources */ = {isa = PBXBuildFile; fileRef = 964508820F728840A9CF149A /* Preview Assets.xcassets */; };
		98A7BA932F96BD8D00C9ACCB /* WidgetKit.framework in Frameworks */ = {isa = PBXBuildFile; fileRef = 98A7BA922F96BD8D00C9ACCB /* WidgetKit.framework */; };
		98A7BA952F96BD8D00C9ACCB /* SwiftUI.framework in Frameworks */ = {isa = PBXBuildFile; fileRef = 98A7BA942F96BD8D00C9ACCB /* SwiftUI.framework */; };
		98A7BAA22F96BD8F00C9ACCB /* dailyVocabularyExtension.appex in Embed Foundation Extensions */ = {isa = PBXBuildFile; fileRef = 98A7BA902F96BD8D00C9ACCB /* dailyVocabularyExtension.appex */; settings = {ATTRIBUTES = (RemoveHeadersOnCopy, ); }; };
		9E9CE6CD435AB0560C101835 /* ContentView.swift in Sources */ = {isa = PBXBuildFile; fileRef = 0E07C0EC9CC4C503C25B7FFD /* ContentView.swift */; };
		A11111111111111111111111 /* AppConstants.swift in Sources */ = {isa = PBXBuildFile; fileRef = A22222222222222222222221 /* AppConstants.swift */; };
		A11111111111111111111112 /* AppModels.swift in Sources */ = {isa = PBXBuildFile; fileRef = A22222222222222222222222 /* AppModels.swift */; };
		A11111111111111111111113 /* SettingsStore.swift in Sources */ = {isa = PBXBuildFile; fileRef = A22222222222222222222223 /* SettingsStore.swift */; };
		A11111111111111111111114 /* SwiftDataModels.swift in Sources */ = {isa = PBXBuildFile; fileRef = A22222222222222222222224 /* SwiftDataModels.swift */; };
		A11111111111111111111115 /* Services.swift in Sources */ = {isa = PBXBuildFile; fileRef = A22222222222222222222225 /* Services.swift */; };
		A11111111111111111111116 /* RootView.swift in Sources */ = {isa = PBXBuildFile; fileRef = A22222222222222222222226 /* RootView.swift */; };
		A11111111111111111111117 /* Resources/words.json in Resources */ = {isa = PBXBuildFile; fileRef = A22222222222222222222227 /* Resources/words.json */; };
		F05571B9BC6FC9B8BC747411 /* vocabularyApp.swift in Sources */ = {isa = PBXBuildFile; fileRef = 68A921478F095B60C4213179 /* vocabularyApp.swift */; };
/* End PBXBuildFile section */

/* Begin PBXContainerItemProxy section */
		98A7BAA02F96BD8F00C9ACCB /* PBXContainerItemProxy */ = {
			isa = PBXContainerItemProxy;
			containerPortal = 230243926E9F93B85D347D76 /* Project object */;
			proxyType = 1;
			remoteGlobalIDString = 98A7BA8F2F96BD8D00C9ACCB;
			remoteInfo = dailyVocabularyExtension;
		};
/* End PBXContainerItemProxy section */

/* Begin PBXCopyFilesBuildPhase section */
		98A7BAA32F96BD8F00C9ACCB /* Embed Foundation Extensions */ = {
			isa = PBXCopyFilesBuildPhase;
			buildActionMask = 2147483647;
			dstPath = "";
			dstSubfolderSpec = 13;
			files = (
				98A7BAA22F96BD8F00C9ACCB /* dailyVocabularyExtension.appex in Embed Foundation Extensions */,
			);
			name = "Embed Foundation Extensions";
			runOnlyForDeploymentPostprocessing = 0;
		};
/* End PBXCopyFilesBuildPhase section */

/* Begin PBXFileReference section */
		0E07C0EC9CC4C503C25B7FFD /* ContentView.swift */ = {isa = PBXFileReference; lastKnownFileType = sourcecode.swift; path = ContentView.swift; sourceTree = "<group>"; };
		68A921478F095B60C4213179 /* vocabularyApp.swift */ = {isa = PBXFileReference; lastKnownFileType = sourcecode.swift; path = vocabularyApp.swift; sourceTree = "<group>"; };
		964508820F728840A9CF149A /* Preview Assets.xcassets */ = {isa = PBXFileReference; lastKnownFileType = folder.assetcatalog; path = "Preview Assets.xcassets"; sourceTree = "<group>"; };
		98A7BA902F96BD8D00C9ACCB /* dailyVocabularyExtension.appex */ = {isa = PBXFileReference; explicitFileType = "wrapper.app-extension"; includeInIndex = 0; path = dailyVocabularyExtension.appex; sourceTree = BUILT_PRODUCTS_DIR; };
		98A7BA922F96BD8D00C9ACCB /* WidgetKit.framework */ = {isa = PBXFileReference; lastKnownFileType = wrapper.framework; name = WidgetKit.framework; path = System/Library/Frameworks/WidgetKit.framework; sourceTree = SDKROOT; };
		98A7BA942F96BD8D00C9ACCB /* SwiftUI.framework */ = {isa = PBXFileReference; lastKnownFileType = wrapper.framework; name = SwiftUI.framework; path = System/Library/Frameworks/SwiftUI.framework; sourceTree = SDKROOT; };
		98A7BABC2F96C7BC00C9ACCB /* vocabulary.entitlements */ = {isa = PBXFileReference; lastKnownFileType = text.plist.entitlements; path = vocabulary.entitlements; sourceTree = "<group>"; };
		98A7BABD2F96C7C200C9ACCB /* dailyVocabularyExtension.entitlements */ = {isa = PBXFileReference; lastKnownFileType = text.plist.entitlements; path = dailyVocabularyExtension.entitlements; sourceTree = "<group>"; };
		A22222222222222222222221 /* AppConstants.swift */ = {isa = PBXFileReference; lastKnownFileType = sourcecode.swift; path = AppConstants.swift; sourceTree = "<group>"; };
		A22222222222222222222222 /* AppModels.swift */ = {isa = PBXFileReference; lastKnownFileType = sourcecode.swift; path = AppModels.swift; sourceTree = "<group>"; };
		A22222222222222222222223 /* SettingsStore.swift */ = {isa = PBXFileReference; lastKnownFileType = sourcecode.swift; path = SettingsStore.swift; sourceTree = "<group>"; };
		A22222222222222222222224 /* SwiftDataModels.swift */ = {isa = PBXFileReference; lastKnownFileType = sourcecode.swift; path = SwiftDataModels.swift; sourceTree = "<group>"; };
		A22222222222222222222225 /* Services.swift */ = {isa = PBXFileReference; lastKnownFileType = sourcecode.swift; path = Services.swift; sourceTree = "<group>"; };
		A22222222222222222222226 /* RootView.swift */ = {isa = PBXFileReference; lastKnownFileType = sourcecode.swift; path = RootView.swift; sourceTree = "<group>"; };
		A22222222222222222222227 /* Resources/words.json */ = {isa = PBXFileReference; lastKnownFileType = text.json; path = Resources/words.json; sourceTree = "<group>"; };
		BC0E37B5DC05E2C348F9D933 /* Assets.xcassets */ = {isa = PBXFileReference; lastKnownFileType = folder.assetcatalog; path = Assets.xcassets; sourceTree = "<group>"; };
		E2A55073DE826A06E11F29D1 /* vocabulary.app */ = {isa = PBXFileReference; explicitFileType = wrapper.application; includeInIndex = 0; path = vocabulary.app; sourceTree = BUILT_PRODUCTS_DIR; };
/* End PBXFileReference section */

/* Begin PBXFileSystemSynchronizedBuildFileExceptionSet section */
		98A7BAA62F96BD8F00C9ACCB /* PBXFileSystemSynchronizedBuildFileExceptionSet */ = {
			isa = PBXFileSystemSynchronizedBuildFileExceptionSet;
			membershipExceptions = (
				Info.plist,
			);
			target = 98A7BA8F2F96BD8D00C9ACCB /* dailyVocabularyExtension */;
		};
/* End PBXFileSystemSynchronizedBuildFileExceptionSet section */

/* Begin PBXFileSystemSynchronizedRootGroup section */
		98A7BA962F96BD8D00C9ACCB /* dailyVocabulary */ = {isa = PBXFileSystemSynchronizedRootGroup; exceptions = (98A7BAA62F96BD8F00C9ACCB /* PBXFileSystemSynchronizedBuildFileExceptionSet */, ); explicitFileTypes = {}; explicitFolders = (); path = dailyVocabulary; sourceTree = "<group>"; };
/* End PBXFileSystemSynchronizedRootGroup section */

/* Begin PBXFrameworksBuildPhase section */
		3A4F39678BA2F81FB75F2007 /* Frameworks */ = {
			isa = PBXFrameworksBuildPhase;
			buildActionMask = 2147483647;
			files = (
			);
			runOnlyForDeploymentPostprocessing = 0;
		};
		98A7BA8D2F96BD8D00C9ACCB /* Frameworks */ = {
			isa = PBXFrameworksBuildPhase;
			buildActionMask = 2147483647;
			files = (
				98A7BA952F96BD8D00C9ACCB /* SwiftUI.framework in Frameworks */,
				98A7BA932F96BD8D00C9ACCB /* WidgetKit.framework in Frameworks */,
			);
			runOnlyForDeploymentPostprocessing = 0;
		};
/* End PBXFrameworksBuildPhase section */

/* Begin PBXGroup section */
		641987D077BD8F9B949FD5A5 /* Preview Content */ = {
			isa = PBXGroup;
			children = (
				964508820F728840A9CF149A /* Preview Assets.xcassets */,
			);
			path = "Preview Content";
			sourceTree = "<group>";
		};
		6DB0DDF33B6D685501EC43D6 /* Products */ = {
			isa = PBXGroup;
			children = (
				E2A55073DE826A06E11F29D1 /* vocabulary.app */,
				98A7BA902F96BD8D00C9ACCB /* dailyVocabularyExtension.appex */,
			);
			name = Products;
			sourceTree = "<group>";
		};
		6FE2313BBBD30708CF270EE3 = {
			isa = PBXGroup;
			children = (
				98A7BABD2F96C7C200C9ACCB /* dailyVocabularyExtension.entitlements */,
				D6EC5E87123685B327B65C85 /* vocabulary */,
				98A7BA962F96BD8D00C9ACCB /* dailyVocabulary */,
				98A7BA912F96BD8D00C9ACCB /* Frameworks */,
				6DB0DDF33B6D685501EC43D6 /* Products */,
			);
			sourceTree = "<group>";
		};
		98A7BA912F96BD8D00C9ACCB /* Frameworks */ = {
			isa = PBXGroup;
			children = (
				98A7BA922F96BD8D00C9ACCB /* WidgetKit.framework */,
				98A7BA942F96BD8D00C9ACCB /* SwiftUI.framework */,
			);
			name = Frameworks;
			sourceTree = "<group>";
		};
		D6EC5E87123685B327B65C85 /* vocabulary */ = {
			isa = PBXGroup;
			children = (
				98A7BABC2F96C7BC00C9ACCB /* vocabulary.entitlements */,
				68A921478F095B60C4213179 /* vocabularyApp.swift */,
				0E07C0EC9CC4C503C25B7FFD /* ContentView.swift */,
				A22222222222222222222226 /* RootView.swift */,
				A22222222222222222222225 /* Services.swift */,
				A22222222222222222222224 /* SwiftDataModels.swift */,
				A22222222222222222222223 /* SettingsStore.swift */,
				A22222222222222222222222 /* AppModels.swift */,
				A22222222222222222222221 /* AppConstants.swift */,
				A22222222222222222222227 /* Resources/words.json */,
				BC0E37B5DC05E2C348F9D933 /* Assets.xcassets */,
				641987D077BD8F9B949FD5A5 /* Preview Content */,
			);
			path = vocabulary;
			sourceTree = "<group>";
		};
/* End PBXGroup section */

/* Begin PBXNativeTarget section */
		98A7BA8F2F96BD8D00C9ACCB /* dailyVocabularyExtension */ = {
			isa = PBXNativeTarget;
			buildConfigurationList = 98A7BAA72F96BD8F00C9ACCB /* Build configuration list for PBXNativeTarget "dailyVocabularyExtension" */;
			buildPhases = (
				98A7BA8C2F96BD8D00C9ACCB /* Sources */,
				98A7BA8D2F96BD8D00C9ACCB /* Frameworks */,
				98A7BA8E2F96BD8D00C9ACCB /* Resources */,
			);
			buildRules = (
			);
			dependencies = (
			);
			fileSystemSynchronizedGroups = (
				98A7BA962F96BD8D00C9ACCB /* dailyVocabulary */,
			);
			name = dailyVocabularyExtension;
			packageProductDependencies = (
			);
			productName = dailyVocabularyExtension;
			productReference = 98A7BA902F96BD8D00C9ACCB /* dailyVocabularyExtension.appex */;
			productType = "com.apple.product-type.app-extension";
		};
		D6EC5E87123685B327B65C85T /* vocabulary */ = {
			isa = PBXNativeTarget;
			buildConfigurationList = B3572E22B647D40A1C4F0E42 /* Build configuration list for PBXNativeTarget "vocabulary" */;
			buildPhases = (
				5F4E22C96F74C60F23110B87 /* Sources */,
				3A4F39678BA2F81FB75F2007 /* Frameworks */,
				7223D393200361D0A083C71D /* Resources */,
				98A7BAA32F96BD8F00C9ACCB /* Embed Foundation Extensions */,
			);
			buildRules = (
			);
			dependencies = (
				98A7BAA12F96BD8F00C9ACCB /* PBXTargetDependency */,
			);
			name = vocabulary;
			productName = vocabulary;
			productReference = E2A55073DE826A06E11F29D1 /* vocabulary.app */;
			productType = "com.apple.product-type.application";
		};
/* End PBXNativeTarget section */

/* Begin PBXProject section */
		230243926E9F93B85D347D76 /* Project object */ = {
			isa = PBXProject;
			attributes = {
				BuildIndependentTargetsInParallel = 1;
				LastSwiftUpdateCheck = 2640;
				LastUpgradeCheck = 1540;
				TargetAttributes = {
					98A7BA8F2F96BD8D00C9ACCB = {
						CreatedOnToolsVersion = 26.4;
					};
					D6EC5E87123685B327B65C85T = {
						CreatedOnToolsVersion = 15.4;
					};
				};
			};
			buildConfigurationList = 6DB0DDF33B6D685501EC43D62 /* Build configuration list for PBXProject "vocabulary" */;
			compatibilityVersion = "Xcode 14.0";
			developmentRegion = en;
			hasScannedForEncodings = 0;
			knownRegions = (
				en,
				Base,
			);
			mainGroup = 6FE2313BBBD30708CF270EE3;
			productRefGroup = 6DB0DDF33B6D685501EC43D6 /* Products */;
			projectDirPath = "";
			projectRoot = "";
			targets = (
				D6EC5E87123685B327B65C85T /* vocabulary */,
				98A7BA8F2F96BD8D00C9ACCB /* dailyVocabularyExtension */,
			);
		};
/* End PBXProject section */

/* Begin PBXResourcesBuildPhase section */
		7223D393200361D0A083C71D /* Resources */ = {
			isa = PBXResourcesBuildPhase;
			buildActionMask = 2147483647;
			files = (
				81CC6E86E8E6FB9749033D73 /* Preview Assets.xcassets in Resources */,
				5C994C75B52C2604FE52A995 /* Assets.xcassets in Resources */,
				A11111111111111111111117 /* Resources/words.json in Resources */,
			);
			runOnlyForDeploymentPostprocessing = 0;
		};
		98A7BA8E2F96BD8D00C9ACCB /* Resources */ = {
			isa = PBXResourcesBuildPhase;
			buildActionMask = 2147483647;
			files = (
			);
			runOnlyForDeploymentPostprocessing = 0;
		};
/* End PBXResourcesBuildPhase section */

/* Begin PBXSourcesBuildPhase section */
		5F4E22C96F74C60F23110B87 /* Sources */ = {
			isa = PBXSourcesBuildPhase;
			buildActionMask = 2147483647;
			files = (
				9E9CE6CD435AB0560C101835 /* ContentView.swift in Sources */,
				A11111111111111111111116 /* RootView.swift in Sources */,
				A11111111111111111111115 /* Services.swift in Sources */,
				A11111111111111111111114 /* SwiftDataModels.swift in Sources */,
				A11111111111111111111113 /* SettingsStore.swift in Sources */,
				A11111111111111111111112 /* AppModels.swift in Sources */,
				A11111111111111111111111 /* AppConstants.swift in Sources */,
				F05571B9BC6FC9B8BC747411 /* vocabularyApp.swift in Sources */,
			);
			runOnlyForDeploymentPostprocessing = 0;
		};
		98A7BA8C2F96BD8D00C9ACCB /* Sources */ = {
			isa = PBXSourcesBuildPhase;
			buildActionMask = 2147483647;
			files = (
			);
			runOnlyForDeploymentPostprocessing = 0;
		};
/* End PBXSourcesBuildPhase section */

/* Begin PBXTargetDependency section */
		98A7BAA12F96BD8F00C9ACCB /* PBXTargetDependency */ = {
			isa = PBXTargetDependency;
			target = 98A7BA8F2F96BD8D00C9ACCB /* dailyVocabularyExtension */;
			targetProxy = 98A7BAA02F96BD8F00C9ACCB /* PBXContainerItemProxy */;
		};
/* End PBXTargetDependency section */

/* Begin XCBuildConfiguration section */
		641987D077BD8F9B949FD5A52 /* Debug */ = {
			isa = XCBuildConfiguration;
			buildSettings = {
				ASSETCATALOG_COMPILER_APPICON_NAME = AppIcon;
				ASSETCATALOG_COMPILER_GLOBAL_ACCENT_COLOR_NAME = AccentColor;
				CODE_SIGN_ENTITLEMENTS = vocabulary/vocabulary.entitlements;
				CODE_SIGN_STYLE = Automatic;
				CURRENT_PROJECT_VERSION = 1;
				DEVELOPMENT_ASSET_PATHS = "\"vocabulary/Preview Content\"";
				DEVELOPMENT_TEAM = 2XR666D9B2;
				ENABLE_PREVIEWS = YES;
				GENERATE_INFOPLIST_FILE = YES;
				INFOPLIST_KEY_UIApplicationSceneManifest_Generation = YES;
				INFOPLIST_KEY_UIApplicationSupportsIndirectInputEvents = YES;
				INFOPLIST_KEY_UILaunchScreen_Generation = YES;
				INFOPLIST_KEY_UISupportedInterfaceOrientations_iPad = "UIInterfaceOrientationLandscapeLeft UIInterfaceOrientationLandscapeRight UIInterfaceOrientationPortrait UIInterfaceOrientationPortraitUpsideDown";
				INFOPLIST_KEY_UISupportedInterfaceOrientations_iPhone = "UIInterfaceOrientationLandscapeLeft UIInterfaceOrientationLandscapeRight UIInterfaceOrientationPortrait";
				LD_RUNPATH_SEARCH_PATHS = (
					"$(inherited)",
					"@executable_path/Frameworks",
				);
				MARKETING_VERSION = 1.0;
				PRODUCT_BUNDLE_IDENTIFIER = com.vocabularyBySharik;
				PRODUCT_NAME = "$(TARGET_NAME)";
				SWIFT_EMIT_LOC_STRINGS = YES;
				SWIFT_VERSION = 5.0;
				TARGETED_DEVICE_FAMILY = "1,2";
			};
			name = Debug;
		};
		8DED3CC86F60DE193788E9F6 /* Release */ = {
			isa = XCBuildConfiguration;
			buildSettings = {
				ALWAYS_SEARCH_USER_PATHS = NO;
				ASSETCATALOG_COMPILER_GENERATE_SWIFT_ASSET_SYMBOL_EXTENSIONS = YES;
				CLANG_ANALYZER_NONNULL = YES;
				CLANG_ANALYZER_NUMBER_OBJECT_CONVERSION = YES_AGGRESSIVE;
				CLANG_CXX_LANGUAGE_STANDARD = "gnu++20";
				CLANG_ENABLE_MODULES = YES;
				CLANG_ENABLE_OBJC_ARC = YES;
				CLANG_ENABLE_OBJC_WEAK = YES;
				CLANG_WARN_BLOCK_CAPTURE_AUTORELEASING = YES;
				CLANG_WARN_BOOL_CONVERSION = YES;
				CLANG_WARN_COMMA = YES;
				CLANG_WARN_CONSTANT_CONVERSION = YES;
				CLANG_WARN_DEPRECATED_OBJC_IMPLEMENTATIONS = YES;
				CLANG_WARN_DIRECT_OBJC_ISA_USAGE = YES_ERROR;
				CLANG_WARN_DOCUMENTATION_COMMENTS = YES;
				CLANG_WARN_EMPTY_BODY = YES;
				CLANG_WARN_ENUM_CONVERSION = YES;
				CLANG_WARN_INFINITE_LOOPS = YES;
				CLANG_WARN_INT_CONVERSION = YES;
				CLANG_WARN_NON_LITERAL_NULL_CONVERSION = YES;
				CLANG_WARN_OBJC_IMPLICIT_RETAIN_SELF = YES;
				CLANG_WARN_OBJC_LITERAL_CONVERSION = YES;
				CLANG_WARN_OBJC_ROOT_CLASS = YES_ERROR;
				CLANG_WARN_QUOTED_INCLUDE_IN_FRAMEWORK_HEADER = YES;
				CLANG_WARN_RANGE_LOOP_ANALYSIS = YES;
				CLANG_WARN_STRICT_PROTOTYPES = YES;
				CLANG_WARN_SUSPICIOUS_MOVE = YES;
				CLANG_WARN_UNGUARDED_AVAILABILITY = YES_AGGRESSIVE;
				CLANG_WARN_UNREACHABLE_CODE = YES;
				CLANG_WARN__DUPLICATE_METHOD_MATCH = YES;
				COPY_PHASE_STRIP = NO;
				DEBUG_INFORMATION_FORMAT = "dwarf-with-dsym";
				ENABLE_NS_ASSERTIONS = NO;
				ENABLE_STRICT_OBJC_MSGSEND = YES;
				ENABLE_USER_SCRIPT_SANDBOXING = YES;
				GCC_C_LANGUAGE_STANDARD = gnu17;
				GCC_NO_COMMON_BLOCKS = YES;
				GCC_WARN_64_TO_32_BIT_CONVERSION = YES;
				GCC_WARN_ABOUT_RETURN_TYPE = YES_ERROR;
				GCC_WARN_UNDECLARED_SELECTOR = YES;
				GCC_WARN_UNINITIALIZED_AUTOS = YES_AGGRESSIVE;
				GCC_WARN_UNUSED_FUNCTION = YES;
				GCC_WARN_UNUSED_VARIABLE = YES;
				IPHONEOS_DEPLOYMENT_TARGET = 17.0;
				MTL_FAST_MATH = YES;
				SDKROOT = iphoneos;
				SWIFT_COMPILATION_MODE = wholemodule;
				VALIDATE_PRODUCT = YES;
			};
			name = Release;
		};
		98A7BAA42F96BD8F00C9ACCB /* Debug */ = {
			isa = XCBuildConfiguration;
			buildSettings = {
				ASSETCATALOG_COMPILER_GLOBAL_ACCENT_COLOR_NAME = AccentColor;
				ASSETCATALOG_COMPILER_WIDGET_BACKGROUND_COLOR_NAME = WidgetBackground;
				CLANG_WARN_INFINITE_RECURSION = YES;
				CODE_SIGN_ENTITLEMENTS = dailyVocabularyExtension.entitlements;
				CODE_SIGN_STYLE = Automatic;
				CURRENT_PROJECT_VERSION = 1;
				DEVELOPMENT_TEAM = 2XR666D9B2;
				GENERATE_INFOPLIST_FILE = YES;
				INFOPLIST_FILE = dailyVocabulary/Info.plist;
				INFOPLIST_KEY_CFBundleDisplayName = dailyVocabulary;
				INFOPLIST_KEY_NSHumanReadableCopyright = "";
				IPHONEOS_DEPLOYMENT_TARGET = 17.0;
				LD_RUNPATH_SEARCH_PATHS = (
					"$(inherited)",
					"@executable_path/Frameworks",
					"@executable_path/../../Frameworks",
				);
				LOCALIZATION_PREFERS_STRING_CATALOGS = YES;
				MARKETING_VERSION = 1.0;
				PRODUCT_BUNDLE_IDENTIFIER = com.vocabularyBySharik.dailyVocabulary;
				PRODUCT_NAME = "$(TARGET_NAME)";
				SKIP_INSTALL = YES;
				STRING_CATALOG_GENERATE_SYMBOLS = YES;
				SWIFT_APPROACHABLE_CONCURRENCY = YES;
				SWIFT_EMIT_LOC_STRINGS = YES;
				SWIFT_UPCOMING_FEATURE_MEMBER_IMPORT_VISIBILITY = YES;
				SWIFT_VERSION = 5.0;
				TARGETED_DEVICE_FAMILY = "1,2";
			};
			name = Debug;
		};
		98A7BAA52F96BD8F00C9ACCB /* Release */ = {
			isa = XCBuildConfiguration;
			buildSettings = {
				ASSETCATALOG_COMPILER_GLOBAL_ACCENT_COLOR_NAME = AccentColor;
				ASSETCATALOG_COMPILER_WIDGET_BACKGROUND_COLOR_NAME = WidgetBackground;
				CLANG_WARN_INFINITE_RECURSION = YES;
				CODE_SIGN_ENTITLEMENTS = dailyVocabularyExtension.entitlements;
				CODE_SIGN_STYLE = Automatic;
				CURRENT_PROJECT_VERSION = 1;
				DEVELOPMENT_TEAM = 2XR666D9B2;
				GENERATE_INFOPLIST_FILE = YES;
				INFOPLIST_FILE = dailyVocabulary/Info.plist;
				INFOPLIST_KEY_CFBundleDisplayName = dailyVocabulary;
				INFOPLIST_KEY_NSHumanReadableCopyright = "";
				IPHONEOS_DEPLOYMENT_TARGET = 17.0;
				LD_RUNPATH_SEARCH_PATHS = (
					"$(inherited)",
					"@executable_path/Frameworks",
					"@executable_path/../../Frameworks",
				);
				LOCALIZATION_PREFERS_STRING_CATALOGS = YES;
				MARKETING_VERSION = 1.0;
				MTL_ENABLE_DEBUG_INFO = NO;
				PRODUCT_BUNDLE_IDENTIFIER = com.vocabularyBySharik.dailyVocabulary;
				PRODUCT_NAME = "$(TARGET_NAME)";
				SKIP_INSTALL = YES;
				STRING_CATALOG_GENERATE_SYMBOLS = YES;
				SWIFT_APPROACHABLE_CONCURRENCY = YES;
				SWIFT_EMIT_LOC_STRINGS = YES;
				SWIFT_UPCOMING_FEATURE_MEMBER_IMPORT_VISIBILITY = YES;
				SWIFT_VERSION = 5.0;
				TARGETED_DEVICE_FAMILY = "1,2";
			};
			name = Release;
		};
		A676D0AA6B481FC0B2FA1071 /* Release */ = {
			isa = XCBuildConfiguration;
			buildSettings = {
				ASSETCATALOG_COMPILER_APPICON_NAME = AppIcon;
				ASSETCATALOG_COMPILER_GLOBAL_ACCENT_COLOR_NAME = AccentColor;
				CODE_SIGN_ENTITLEMENTS = vocabulary/vocabulary.entitlements;
				CODE_SIGN_STYLE = Automatic;
				CURRENT_PROJECT_VERSION = 1;
				DEVELOPMENT_ASSET_PATHS = "\"vocabulary/Preview Content\"";
				DEVELOPMENT_TEAM = 2XR666D9B2;
				ENABLE_PREVIEWS = YES;
				GENERATE_INFOPLIST_FILE = YES;
				INFOPLIST_KEY_UIApplicationSceneManifest_Generation = YES;
				INFOPLIST_KEY_UIApplicationSupportsIndirectInputEvents = YES;
				INFOPLIST_KEY_UILaunchScreen_Generation = YES;
				INFOPLIST_KEY_UISupportedInterfaceOrientations_iPad = "UIInterfaceOrientationLandscapeLeft UIInterfaceOrientationLandscapeRight UIInterfaceOrientationPortrait UIInterfaceOrientationPortraitUpsideDown";
				INFOPLIST_KEY_UISupportedInterfaceOrientations_iPhone = "UIInterfaceOrientationLandscapeLeft UIInterfaceOrientationLandscapeRight UIInterfaceOrientationPortrait";
				LD_RUNPATH_SEARCH_PATHS = (
					"$(inherited)",
					"@executable_path/Frameworks",
				);
				MARKETING_VERSION = 1.0;
				PRODUCT_BUNDLE_IDENTIFIER = com.vocabularyBySharik;
				PRODUCT_NAME = "$(TARGET_NAME)";
				SWIFT_EMIT_LOC_STRINGS = YES;
				SWIFT_VERSION = 5.0;
				TARGETED_DEVICE_FAMILY = "1,2";
			};
			name = Release;
		};
		DC22E072D7962EE7BF44EE6E /* Debug */ = {
			isa = XCBuildConfiguration;
			buildSettings = {
				ALWAYS_SEARCH_USER_PATHS = NO;
				ASSETCATALOG_COMPILER_GENERATE_SWIFT_ASSET_SYMBOL_EXTENSIONS = YES;
				CLANG_ANALYZER_NONNULL = YES;
				CLANG_ANALYZER_NUMBER_OBJECT_CONVERSION = YES_AGGRESSIVE;
				CLANG_CXX_LANGUAGE_STANDARD = "gnu++20";
				CLANG_ENABLE_MODULES = YES;
				CLANG_ENABLE_OBJC_ARC = YES;
				CLANG_ENABLE_OBJC_WEAK = YES;
				CLANG_WARN_BLOCK_CAPTURE_AUTORELEASING = YES;
				CLANG_WARN_BOOL_CONVERSION = YES;
				CLANG_WARN_COMMA = YES;
				CLANG_WARN_CONSTANT_CONVERSION = YES;
				CLANG_WARN_DEPRECATED_OBJC_IMPLEMENTATIONS = YES;
				CLANG_WARN_DIRECT_OBJC_ISA_USAGE = YES_ERROR;
				CLANG_WARN_DOCUMENTATION_COMMENTS = YES;
				CLANG_WARN_EMPTY_BODY = YES;
				CLANG_WARN_ENUM_CONVERSION = YES;
				CLANG_WARN_INFINITE_LOOPS = YES;
				CLANG_WARN_INT_CONVERSION = YES;
				CLANG_WARN_NON_LITERAL_NULL_CONVERSION = YES;
				CLANG_WARN_OBJC_IMPLICIT_RETAIN_SELF = YES;
				CLANG_WARN_OBJC_LITERAL_CONVERSION = YES;
				CLANG_WARN_OBJC_ROOT_CLASS = YES_ERROR;
				CLANG_WARN_QUOTED_INCLUDE_IN_FRAMEWORK_HEADER = YES;
				CLANG_WARN_RANGE_LOOP_ANALYSIS = YES;
				CLANG_WARN_STRICT_PROTOTYPES = YES;
				CLANG_WARN_SUSPICIOUS_MOVE = YES;
				CLANG_WARN_UNGUARDED_AVAILABILITY = YES_AGGRESSIVE;
				CLANG_WARN_UNREACHABLE_CODE = YES;
				CLANG_WARN__DUPLICATE_METHOD_MATCH = YES;
				COPY_PHASE_STRIP = NO;
				DEBUG_INFORMATION_FORMAT = dwarf;
				ENABLE_STRICT_OBJC_MSGSEND = YES;
				ENABLE_TESTABILITY = YES;
				ENABLE_USER_SCRIPT_SANDBOXING = YES;
				GCC_C_LANGUAGE_STANDARD = gnu17;
				GCC_DYNAMIC_NO_PIC = NO;
				GCC_NO_COMMON_BLOCKS = YES;
				GCC_OPTIMIZATION_LEVEL = 0;
				GCC_PREPROCESSOR_DEFINITIONS = (
					"DEBUG=1",
					"$(inherited)",
				);
				GCC_WARN_64_TO_32_BIT_CONVERSION = YES;
				GCC_WARN_ABOUT_RETURN_TYPE = YES_ERROR;
				GCC_WARN_UNDECLARED_SELECTOR = YES;
				GCC_WARN_UNINITIALIZED_AUTOS = YES_AGGRESSIVE;
				GCC_WARN_UNUSED_FUNCTION = YES;
				GCC_WARN_UNUSED_VARIABLE = YES;
				IPHONEOS_DEPLOYMENT_TARGET = 17.0;
				MTL_ENABLE_DEBUG_INFO = INCLUDE_SOURCE;
				MTL_FAST_MATH = YES;
				ONLY_ACTIVE_ARCH = YES;
				SDKROOT = iphoneos;
				SWIFT_ACTIVE_COMPILATION_CONDITIONS = "DEBUG $(inherited)";
				SWIFT_OPTIMIZATION_LEVEL = "-Onone";
			};
			name = Debug;
		};
/* End XCBuildConfiguration section */

/* Begin XCConfigurationList section */
		6DB0DDF33B6D685501EC43D62 /* Build configuration list for PBXProject "vocabulary" */ = {
			isa = XCConfigurationList;
			buildConfigurations = (
				DC22E072D7962EE7BF44EE6E /* Debug */,
				8DED3CC86F60DE193788E9F6 /* Release */,
			);
			defaultConfigurationIsVisible = 0;
			defaultConfigurationName = Release;
		};
		98A7BAA72F96BD8F00C9ACCB /* Build configuration list for PBXNativeTarget "dailyVocabularyExtension" */ = {
			isa = XCConfigurationList;
			buildConfigurations = (
				98A7BAA42F96BD8F00C9ACCB /* Debug */,
				98A7BAA52F96BD8F00C9ACCB /* Release */,
			);
			defaultConfigurationIsVisible = 0;
			defaultConfigurationName = Release;
		};
		B3572E22B647D40A1C4F0E42 /* Build configuration list for PBXNativeTarget "vocabulary" */ = {
			isa = XCConfigurationList;
			buildConfigurations = (
				641987D077BD8F9B949FD5A52 /* Debug */,
				A676D0AA6B481FC0B2FA1071 /* Release */,
			);
			defaultConfigurationIsVisible = 0;
			defaultConfigurationName = Release;
		};
/* End XCConfigurationList section */
	};
	rootObject = 230243926E9F93B85D347D76 /* Project object */;
}
